
Microsoft Visual Studio Solution File, Format Version 12.00
# Visual Studio Version 17
VisualStudioVersion = 17.5.33530.505
MinimumVisualStudioVersion = 10.0.40219.1
Project("{FAE04EC0-301F-11D3-BF4B-00C04F79EFBC}") = "Question3_project", "Question3_project\Question3_project.csproj", "{26E150E2-0ECA-4C5C-817C-4DC8FE4B02C3}"
EndProject
Global
	GlobalSection(SolutionConfigurationPlatforms) = preSolution
		Debug|Any CPU = Debug|Any CPU
		Release|Any CPU = Release|Any CPU
	EndGlobalSection
	GlobalSection(ProjectConfigurationPlatforms) = postSolution
		{26E150E2-0ECA-4C5C-817C-4DC8FE4B02C3}.Debug|Any CPU.ActiveCfg = Debug|Any CPU
		{26E150E2-0ECA-4C5C-817C-4DC8FE4B02C3}.Debug|Any CPU.Build.0 = Debug|Any CPU
		{26E150E2-0ECA-4C5C-817C-4DC8FE4B02C3}.Release|Any CPU.ActiveCfg = Release|Any CPU
		{26E150E2-0ECA-4C5C-817C-4DC8FE4B02C3}.Release|Any CPU.Build.0 = Release|Any CPU
	EndGlobalSection
	GlobalSection(SolutionProperties) = preSolution
		HideSolutionNode = FALSE
	EndGlobalSection
	GlobalSection(ExtensibilityGlobals) = postSolution
		SolutionGuid = {4B6C07C5-E479-46A0-97F0-24ED78200B3C}
	EndGlobalSection
EndGlobal
